
Microsoft Visual Studio Solution File, Format Version 12.00
# Visual Studio Version 17
VisualStudioVersion = 17.9.34616.47
MinimumVisualStudioVersion = 10.0.40219.1
Project("{FAE04EC0-301F-11D3-BF4B-00C04F79EFBC}") = "Test_Task_1", "Test_Task_1\Test_Task_1.csproj", "{C04CB0A0-524A-450A-8E00-A4412E516992}"
EndProject
Global
	GlobalSection(SolutionConfigurationPlatforms) = preSolution
		Debug|Any CPU = Debug|Any CPU
		Release|Any CPU = Release|Any CPU
	EndGlobalSection
	GlobalSection(ProjectConfigurationPlatforms) = postSolution
		{C04CB0A0-524A-450A-8E00-A4412E516992}.Debug|Any CPU.ActiveCfg = Debug|Any CPU
		{C04CB0A0-524A-450A-8E00-A4412E516992}.Debug|Any CPU.Build.0 = Debug|Any CPU
		{C04CB0A0-524A-450A-8E00-A4412E516992}.Release|Any CPU.ActiveCfg = Release|Any CPU
		{C04CB0A0-524A-450A-8E00-A4412E516992}.Release|Any CPU.Build.0 = Release|Any CPU
	EndGlobalSection
	GlobalSection(SolutionProperties) = preSolution
		HideSolutionNode = FALSE
	EndGlobalSection
	GlobalSection(ExtensibilityGlobals) = postSolution
		SolutionGuid = {FE541E71-21BE-4148-881A-66315DC2472B}
	EndGlobalSection
EndGlobal
